
Microsoft Visual Studio Solution File, Format Version 12.00
# Visual Studio Version 17
VisualStudioVersion = 17.0.31903.59
MinimumVisualStudioVersion = 10.0.40219.1
Project("{FAE04EC0-301F-11D3-BF4B-00C04F79EFBC}") = "RightSize", "RightSize\RightSize.csproj", "{F513DC92-6277-41FE-9BA6-4CBAE9DC290B}"
EndProject
Project("{FAE04EC0-301F-11D3-BF4B-00C04F79EFBC}") = "ChangeString", "ChangeString\ChangeString.csproj", "{67486675-9681-44F0-B899-7C79FDAD63DF}"
EndProject
Project("{FAE04EC0-301F-11D3-BF4B-00C04F79EFBC}") = "ArrayMult", "ArrayMult\ArrayMult.csproj", "{C8D11B1B-2A93-4308-AE30-9C2593F182E8}"
EndProject
Project("{FAE04EC0-301F-11D3-BF4B-00C04F79EFBC}") = "HeroPerks", "HeroPerks\HeroPerks.csproj", "{D073B65C-F534-4D7E-A1B6-2CB482F04D7C}"
EndProject
Global
	GlobalSection(SolutionConfigurationPlatforms) = preSolution
		Debug|Any CPU = Debug|Any CPU
		Release|Any CPU = Release|Any CPU
	EndGlobalSection
	GlobalSection(SolutionProperties) = preSolution
		HideSolutionNode = FALSE
	EndGlobalSection
	GlobalSection(ProjectConfigurationPlatforms) = postSolution
		{F513DC92-6277-41FE-9BA6-4CBAE9DC290B}.Debug|Any CPU.ActiveCfg = Debug|Any CPU
		{F513DC92-6277-41FE-9BA6-4CBAE9DC290B}.Debug|Any CPU.Build.0 = Debug|Any CPU
		{F513DC92-6277-41FE-9BA6-4CBAE9DC290B}.Release|Any CPU.ActiveCfg = Release|Any CPU
		{F513DC92-6277-41FE-9BA6-4CBAE9DC290B}.Release|Any CPU.Build.0 = Release|Any CPU
		{67486675-9681-44F0-B899-7C79FDAD63DF}.Debug|Any CPU.ActiveCfg = Debug|Any CPU
		{67486675-9681-44F0-B899-7C79FDAD63DF}.Debug|Any CPU.Build.0 = Debug|Any CPU
		{67486675-9681-44F0-B899-7C79FDAD63DF}.Release|Any CPU.ActiveCfg = Release|Any CPU
		{67486675-9681-44F0-B899-7C79FDAD63DF}.Release|Any CPU.Build.0 = Release|Any CPU
		{C8D11B1B-2A93-4308-AE30-9C2593F182E8}.Debug|Any CPU.ActiveCfg = Debug|Any CPU
		{C8D11B1B-2A93-4308-AE30-9C2593F182E8}.Debug|Any CPU.Build.0 = Debug|Any CPU
		{C8D11B1B-2A93-4308-AE30-9C2593F182E8}.Release|Any CPU.ActiveCfg = Release|Any CPU
		{C8D11B1B-2A93-4308-AE30-9C2593F182E8}.Release|Any CPU.Build.0 = Release|Any CPU
		{D073B65C-F534-4D7E-A1B6-2CB482F04D7C}.Debug|Any CPU.ActiveCfg = Debug|Any CPU
		{D073B65C-F534-4D7E-A1B6-2CB482F04D7C}.Debug|Any CPU.Build.0 = Debug|Any CPU
		{D073B65C-F534-4D7E-A1B6-2CB482F04D7C}.Release|Any CPU.ActiveCfg = Release|Any CPU
		{D073B65C-F534-4D7E-A1B6-2CB482F04D7C}.Release|Any CPU.Build.0 = Release|Any CPU
	EndGlobalSection
EndGlobal
